// !$*UTF8*$!
{
	archiveVersion = 1;
	classes = {
	};
	objectVersion = 48;
	objects = {

/* Begin PBXBuildFile section */
		15E39C45C1560A34D56D4C70 /* Pods_RxSwiftExample.framework in Frameworks */ = {isa = PBXBuildFile; fileRef = 1E351A75D3D5F804BE3ECDB2 /* Pods_RxSwiftExample.framework */; };
		40C170EC2022561F00CA4803 /* AppDelegate.swift in Sources */ = {isa = PBXBuildFile; fileRef = 40C170EB2022561F00CA4803 /* AppDelegate.swift */; };
		40C170F12022561F00CA4803 /* Main.storyboard in Resources */ = {isa = PBXBuildFile; fileRef = 40C170EF2022561F00CA4803 /* Main.storyboard */; };
		40C170F32022561F00CA4803 /* Assets.xcassets in Resources */ = {isa = PBXBuildFile; fileRef = 40C170F22022561F00CA4803 /* Assets.xcassets */; };
		40C170F62022561F00CA4803 /* LaunchScreen.storyboard in Resources */ = {isa = PBXBuildFile; fileRef = 40C170F42022561F00CA4803 /* LaunchScreen.storyboard */; };
		40F91D802023B1DE008A3C9F /* SimpleViewController.swift in Sources */ = {isa = PBXBuildFile; fileRef = 40F91D7F2023B1DE008A3C9F /* SimpleViewController.swift */; };
		40F91D822023B227008A3C9F /* CountryTableViewCell.swift in Sources */ = {isa = PBXBuildFile; fileRef = 40F91D812023B227008A3C9F /* CountryTableViewCell.swift */; };
		40F91D842023B6A4008A3C9F /* CoolViewController.swift in Sources */ = {isa = PBXBuildFile; fileRef = 40F91D832023B6A4008A3C9F /* CoolViewController.swift */; };
		40F91D862023BA2B008A3C9F /* CoolestViewController.swift in Sources */ = {isa = PBXBuildFile; fileRef = 40F91D852023BA2B008A3C9F /* CoolestViewController.swift */; };
/* End PBXBuildFile section */

/* Begin PBXFileReference section */
		1E351A75D3D5F804BE3ECDB2 /* Pods_RxSwiftExample.framework */ = {isa = PBXFileReference; explicitFileType = wrapper.framework; includeInIndex = 0; path = Pods_RxSwiftExample.framework; sourceTree = BUILT_PRODUCTS_DIR; };
		35824F9440B7F27D2D481843 /* Pods-RxSwiftExample.release.xcconfig */ = {isa = PBXFileReference; includeInIndex = 1; lastKnownFileType = text.xcconfig; name = "Pods-RxSwiftExample.release.xcconfig"; path = "Pods/Target Support Files/Pods-RxSwiftExample/Pods-RxSwiftExample.release.xcconfig"; sourceTree = "<group>"; };
		40C170E82022561F00CA4803 /* RxSwiftExample.app */ = {isa = PBXFileReference; explicitFileType = wrapper.application; includeInIndex = 0; path = RxSwiftExample.app; sourceTree = BUILT_PRODUCTS_DIR; };
		40C170EB2022561F00CA4803 /* AppDelegate.swift */ = {isa = PBXFileReference; lastKnownFileType = sourcecode.swift; path = AppDelegate.swift; sourceTree = "<group>"; };
		40C170F02022561F00CA4803 /* Base */ = {isa = PBXFileReference; lastKnownFileType = file.storyboard; name = Base; path = Base.lproj/Main.storyboard; sourceTree = "<group>"; };
		40C170F22022561F00CA4803 /* Assets.xcassets */ = {isa = PBXFileReference; lastKnownFileType = folder.assetcatalog; path = Assets.xcassets; sourceTree = "<group>"; };
		40C170F52022561F00CA4803 /* Base */ = {isa = PBXFileReference; lastKnownFileType = file.storyboard; name = Base; path = Base.lproj/LaunchScreen.storyboard; sourceTree = "<group>"; };
		40C170F72022561F00CA4803 /* Info.plist */ = {isa = PBXFileReference; lastKnownFileType = text.plist.xml; path = Info.plist; sourceTree = "<group>"; };
		40F91D7F2023B1DE008A3C9F /* SimpleViewController.swift */ = {isa = PBXFileReference; lastKnownFileType = sourcecode.swift; path = SimpleViewController.swift; sourceTree = "<group>"; };
		40F91D812023B227008A3C9F /* CountryTableViewCell.swift */ = {isa = PBXFileReference; lastKnownFileType = sourcecode.swift; path = CountryTableViewCell.swift; sourceTree = "<group>"; };
		40F91D832023B6A4008A3C9F /* CoolViewController.swift */ = {isa = PBXFileReference; lastKnownFileType = sourcecode.swift; path = CoolViewController.swift; sourceTree = "<group>"; };
		40F91D852023BA2B008A3C9F /* CoolestViewController.swift */ = {isa = PBXFileReference; lastKnownFileType = sourcecode.swift; path = CoolestViewController.swift; sourceTree = "<group>"; };
		E2CA9244DDC6D07FA9627E7B /* Pods-RxSwiftExample.debug.xcconfig */ = {isa = PBXFileReference; includeInIndex = 1; lastKnownFileType = text.xcconfig; name = "Pods-RxSwiftExample.debug.xcconfig"; path = "Pods/Target Support Files/Pods-RxSwiftExample/Pods-RxSwiftExample.debug.xcconfig"; sourceTree = "<group>"; };
/* End PBXFileReference section */

/* Begin PBXFrameworksBuildPhase section */
		40C170E52022561F00CA4803 /* Frameworks */ = {
			isa = PBXFrameworksBuildPhase;
			buildActionMask = 2147483647;
			files = (
				15E39C45C1560A34D56D4C70 /* Pods_RxSwiftExample.framework in Frameworks */,
			);
			runOnlyForDeploymentPostprocessing = 0;
		};
/* End PBXFrameworksBuildPhase section */

/* Begin PBXGroup section */
		1E3F27364F85172150627A5B /* Pods */ = {
			isa = PBXGroup;
			children = (
				E2CA9244DDC6D07FA9627E7B /* Pods-RxSwiftExample.debug.xcconfig */,
				35824F9440B7F27D2D481843 /* Pods-RxSwiftExample.release.xcconfig */,
			);
			name = Pods;
			sourceTree = "<group>";
		};
		26737E170870E7AF19FF79A6 /* Frameworks */ = {
			isa = PBXGroup;
			children = (
				1E351A75D3D5F804BE3ECDB2 /* Pods_RxSwiftExample.framework */,
			);
			name = Frameworks;
			sourceTree = "<group>";
		};
		40C170DF2022561F00CA4803 = {
			isa = PBXGroup;
			children = (
				40C170EA2022561F00CA4803 /* RxSwiftExample */,
				40C170E92022561F00CA4803 /* Products */,
				1E3F27364F85172150627A5B /* Pods */,
				26737E170870E7AF19FF79A6 /* Frameworks */,
			);
			sourceTree = "<group>";
		};
		40C170E92022561F00CA4803 /* Products */ = {
			isa = PBXGroup;
			children = (
				40C170E82022561F00CA4803 /* RxSwiftExample.app */,
			);
			name = Products;
			sourceTree = "<group>";
		};
		40C170EA2022561F00CA4803 /* RxSwiftExample */ = {
			isa = PBXGroup;
			children = (
				40C170EB2022561F00CA4803 /* AppDelegate.swift */,
				40C170EF2022561F00CA4803 /* Main.storyboard */,
				40C170F22022561F00CA4803 /* Assets.xcassets */,
				40C170F42022561F00CA4803 /* LaunchScreen.storyboard */,
				40C170F72022561F00CA4803 /* Info.plist */,
				40F91D812023B227008A3C9F /* CountryTableViewCell.swift */,
				40F91D7F2023B1DE008A3C9F /* SimpleViewController.swift */,
				40F91D832023B6A4008A3C9F /* CoolViewController.swift */,
				40F91D852023BA2B008A3C9F /* CoolestViewController.swift */,
			);
			path = RxSwiftExample;
			sourceTree = "<group>";
		};
/* End PBXGroup section */

/* Begin PBXNativeTarget section */
		40C170E72022561F00CA4803 /* RxSwiftExample */ = {
			isa = PBXNativeTarget;
			buildConfigurationList = 40C170FA2022561F00CA4803 /* Build configuration list for PBXNativeTarget "RxSwiftExample" */;
			buildPhases = (
				826376DF226EBAF592E8D84F /* [CP] Check Pods Manifest.lock */,
				40C170E42022561F00CA4803 /* Sources */,
				40C170E52022561F00CA4803 /* Frameworks */,
				40C170E62022561F00CA4803 /* Resources */,
				24869FC764153280CF3AB250 /* [CP] Embed Pods Frameworks */,
				1CAF99716F03B1C97BEFA50E /* [CP] Copy Pods Resources */,
			);
			buildRules = (
			);
			dependencies = (
			);
			name = RxSwiftExample;
			productName = RxSwiftExample;
			productReference = 40C170E82022561F00CA4803 /* RxSwiftExample.app */;
			productType = "com.apple.product-type.application";
		};
/* End PBXNativeTarget section */

/* Begin PBXProject section */
		40C170E02022561F00CA4803 /* Project object */ = {
			isa = PBXProject;
			attributes = {
				LastSwiftUpdateCheck = 0920;
				LastUpgradeCheck = 0920;
				ORGANIZATIONNAME = "Aline Borges";
				TargetAttributes = {
					40C170E72022561F00CA4803 = {
						CreatedOnToolsVersion = 9.2;
						ProvisioningStyle = Automatic;
					};
				};
			};
			buildConfigurationList = 40C170E32022561F00CA4803 /* Build configuration list for PBXProject "RxSwiftExample" */;
			compatibilityVersion = "Xcode 8.0";
			developmentRegion = en;
			hasScannedForEncodings = 0;
			knownRegions = (
				en,
				Base,
			);
			mainGroup = 40C170DF2022561F00CA4803;
			productRefGroup = 40C170E92022561F00CA4803 /* Products */;
			projectDirPath = "";
			projectRoot = "";
			targets = (
				40C170E72022561F00CA4803 /* RxSwiftExample */,
			);
		};
/* End PBXProject section */

/* Begin PBXResourcesBuildPhase section */
		40C170E62022561F00CA4803 /* Resources */ = {
			isa = PBXResourcesBuildPhase;
			buildActionMask = 2147483647;
			files = (
				40C170F62022561F00CA4803 /* LaunchScreen.storyboard in Resources */,
				40C170F32022561F00CA4803 /* Assets.xcassets in Resources */,
				40C170F12022561F00CA4803 /* Main.storyboard in Resources */,
			);
			runOnlyForDeploymentPostprocessing = 0;
		};
/* End PBXResourcesBuildPhase section */

/* Begin PBXShellScriptBuildPhase section */
		1CAF99716F03B1C97BEFA50E /* [CP] Copy Pods Resources */ = {
			isa = PBXShellScriptBuildPhase;
			buildActionMask = 2147483647;
			files = (
			);
			inputPaths = (
			);
			name = "[CP] Copy Pods Resources";
			outputPaths = (
			);
			runOnlyForDeploymentPostprocessing = 0;
			shellPath = /bin/sh;
			shellScript = "\"${SRCROOT}/Pods/Target Support Files/Pods-RxSwiftExample/Pods-RxSwiftExample-resources.sh\"\n";
			showEnvVarsInLog = 0;
		};
		24869FC764153280CF3AB250 /* [CP] Embed Pods Frameworks */ = {
			isa = PBXShellScriptBuildPhase;
			buildActionMask = 2147483647;
			files = (
			);
			inputPaths = (
				"${SRCROOT}/Pods/Target Support Files/Pods-RxSwiftExample/Pods-RxSwiftExample-frameworks.sh",
				"${BUILT_PRODUCTS_DIR}/RxCocoa/RxCocoa.framework",
				"${BUILT_PRODUCTS_DIR}/RxSwift/RxSwift.framework",
			);
			name = "[CP] Embed Pods Frameworks";
			outputPaths = (
				"${TARGET_BUILD_DIR}/${FRAMEWORKS_FOLDER_PATH}/RxCocoa.framework",
				"${TARGET_BUILD_DIR}/${FRAMEWORKS_FOLDER_PATH}/RxSwift.framework",
			);
			runOnlyForDeploymentPostprocessing = 0;
			shellPath = /bin/sh;
			shellScript = "\"${SRCROOT}/Pods/Target Support Files/Pods-RxSwiftExample/Pods-RxSwiftExample-frameworks.sh\"\n";
			showEnvVarsInLog = 0;
		};
		826376DF226EBAF592E8D84F /* [CP] Check Pods Manifest.lock */ = {
			isa = PBXShellScriptBuildPhase;
			buildActionMask = 2147483647;
			files = (
			);
			inputPaths = (
				"${PODS_PODFILE_DIR_PATH}/Podfile.lock",
				"${PODS_ROOT}/Manifest.lock",
			);
			name = "[CP] Check Pods Manifest.lock";
			outputPaths = (
				"$(DERIVED_FILE_DIR)/Pods-RxSwiftExample-checkManifestLockResult.txt",
			);
			runOnlyForDeploymentPostprocessing = 0;
			shellPath = /bin/sh;
			shellScript = "diff \"${PODS_PODFILE_DIR_PATH}/Podfile.lock\" \"${PODS_ROOT}/Manifest.lock\" > /dev/null\nif [ $? != 0 ] ; then\n    # print error to STDERR\n    echo \"error: The sandbox is not in sync with the Podfile.lock. Run 'pod install' or update your CocoaPods installation.\" >&2\n    exit 1\nfi\n# This output is used by Xcode 'outputs' to avoid re-running this script phase.\necho \"SUCCESS\" > \"${SCRIPT_OUTPUT_FILE_0}\"\n";
			showEnvVarsInLog = 0;
		};
/* End PBXShellScriptBuildPhase section */

/* Begin PBXSourcesBuildPhase section */
		40C170E42022561F00CA4803 /* Sources */ = {
			isa = PBXSourcesBuildPhase;
			buildActionMask = 2147483647;
			files = (
				40F91D822023B227008A3C9F /* CountryTableViewCell.swift in Sources */,
				40F91D842023B6A4008A3C9F /* CoolViewController.swift in Sources */,
				40C170EC2022561F00CA4803 /* AppDelegate.swift in Sources */,
				40F91D862023BA2B008A3C9F /* CoolestViewController.swift in Sources */,
				40F91D802023B1DE008A3C9F /* SimpleViewController.swift in Sources */,
			);
			runOnlyForDeploymentPostprocessing = 0;
		};
/* End PBXSourcesBuildPhase section */

/* Begin PBXVariantGroup section */
		40C170EF2022561F00CA4803 /* Main.storyboard */ = {
			isa = PBXVariantGroup;
			children = (
				40C170F02022561F00CA4803 /* Base */,
			);
			name = Main.storyboard;
			sourceTree = "<group>";
		};
		40C170F42022561F00CA4803 /* LaunchScreen.storyboard */ = {
			isa = PBXVariantGroup;
			children = (
				40C170F52022561F00CA4803 /* Base */,
			);
			name = LaunchScreen.storyboard;
			sourceTree = "<group>";
		};
/* End PBXVariantGroup section */

/* Begin XCBuildConfiguration section */
		40C170F82022561F00CA4803 /* Debug */ = {
			isa = XCBuildConfiguration;
			buildSettings = {
				ALWAYS_SEARCH_USER_PATHS = NO;
				CLANG_ANALYZER_NONNULL = YES;
				CLANG_ANALYZER_NUMBER_OBJECT_CONVERSION = YES_AGGRESSIVE;
				CLANG_CXX_LANGUAGE_STANDARD = "gnu++14";
				CLANG_CXX_LIBRARY = "libc++";
				CLANG_ENABLE_MODULES = YES;
				CLANG_ENABLE_OBJC_ARC = YES;
				CLANG_WARN_BLOCK_CAPTURE_AUTORELEASING = YES;
				CLANG_WARN_BOOL_CONVERSION = YES;
				CLANG_WARN_COMMA = YES;
				CLANG_WARN_CONSTANT_CONVERSION = YES;
				CLANG_WARN_DIRECT_OBJC_ISA_USAGE = YES_ERROR;
				CLANG_WARN_DOCUMENTATION_COMMENTS = YES;
				CLANG_WARN_EMPTY_BODY = YES;
				CLANG_WARN_ENUM_CONVERSION = YES;
				CLANG_WARN_INFINITE_RECURSION = YES;
				CLANG_WARN_INT_CONVERSION = YES;
				CLANG_WARN_NON_LITERAL_NULL_CONVERSION = YES;
				CLANG_WARN_OBJC_LITERAL_CONVERSION = YES;
				CLANG_WARN_OBJC_ROOT_CLASS = YES_ERROR;
				CLANG_WARN_RANGE_LOOP_ANALYSIS = YES;
				CLANG_WARN_STRICT_PROTOTYPES = YES;
				CLANG_WARN_SUSPICIOUS_MOVE = YES;
				CLANG_WARN_UNGUARDED_AVAILABILITY = YES_AGGRESSIVE;
				CLANG_WARN_UNREACHABLE_CODE = YES;
				CLANG_WARN__DUPLICATE_METHOD_MATCH = YES;
				CODE_SIGN_IDENTITY = "iPhone Developer";
				COPY_PHASE_STRIP = NO;
				DEBUG_INFORMATION_FORMAT = dwarf;
				ENABLE_STRICT_OBJC_MSGSEND = YES;
				ENABLE_TESTABILITY = YES;
				GCC_C_LANGUAGE_STANDARD = gnu11;
				GCC_DYNAMIC_NO_PIC = NO;
				GCC_NO_COMMON_BLOCKS = YES;
				GCC_OPTIMIZATION_LEVEL = 0;
				GCC_PREPROCESSOR_DEFINITIONS = (
					"DEBUG=1",
					"$(inherited)",
				);
				GCC_WARN_64_TO_32_BIT_CONVERSION = YES;
				GCC_WARN_ABOUT_RETURN_TYPE = YES_ERROR;
				GCC_WARN_UNDECLARED_SELECTOR = YES;
				GCC_WARN_UNINITIALIZED_AUTOS = YES_AGGRESSIVE;
				GCC_WARN_UNUSED_FUNCTION = YES;
				GCC_WARN_UNUSED_VARIABLE = YES;
				IPHONEOS_DEPLOYMENT_TARGET = 11.2;
				MTL_ENABLE_DEBUG_INFO = YES;
				ONLY_ACTIVE_ARCH = YES;
				SDKROOT = iphoneos;
				SWIFT_ACTIVE_COMPILATION_CONDITIONS = DEBUG;
				SWIFT_OPTIMIZATION_LEVEL = "-Onone";
			};
			name = Debug;
		};
		40C170F92022561F00CA4803 /* Release */ = {
			isa = XCBuildConfiguration;
			buildSettings = {
				ALWAYS_SEARCH_USER_PATHS = NO;
				CLANG_ANALYZER_NONNULL = YES;
				CLANG_ANALYZER_NUMBER_OBJECT_CONVERSION = YES_AGGRESSIVE;
				CLANG_CXX_LANGUAGE_STANDARD = "gnu++14";
				CLANG_CXX_LIBRARY = "libc++";
				CLANG_ENABLE_MODULES = YES;
				CLANG_ENABLE_OBJC_ARC = YES;
				CLANG_WARN_BLOCK_CAPTURE_AUTORELEASING = YES;
				CLANG_WARN_BOOL_CONVERSION = YES;
				CLANG_WARN_COMMA = YES;
				CLANG_WARN_CONSTANT_CONVERSION = YES;
				CLANG_WARN_DIRECT_OBJC_ISA_USAGE = YES_ERROR;
				CLANG_WARN_DOCUMENTATION_COMMENTS = YES;
				CLANG_WARN_EMPTY_BODY = YES;
				CLANG_WARN_ENUM_CONVERSION = YES;
				CLANG_WARN_INFINITE_RECURSION = YES;
				CLANG_WARN_INT_CONVERSION = YES;
				CLANG_WARN_NON_LITERAL_NULL_CONVERSION = YES;
				CLANG_WARN_OBJC_LITERAL_CONVERSION = YES;
				CLANG_WARN_OBJC_ROOT_CLASS = YES_ERROR;
				CLANG_WARN_RANGE_LOOP_ANALYSIS = YES;
				CLANG_WARN_STRICT_PROTOTYPES = YES;
				CLANG_WARN_SUSPICIOUS_MOVE = YES;
				CLANG_WARN_UNGUARDED_AVAILABILITY = YES_AGGRESSIVE;
				CLANG_WARN_UNREACHABLE_CODE = YES;
				CLANG_WARN__DUPLICATE_METHOD_MATCH = YES;
				CODE_SIGN_IDENTITY = "iPhone Developer";
				COPY_PHASE_STRIP = NO;
				DEBUG_INFORMATION_FORMAT = "dwarf-with-dsym";
				ENABLE_NS_ASSERTIONS = NO;
				ENABLE_STRICT_OBJC_MSGSEND = YES;
				GCC_C_LANGUAGE_STANDARD = gnu11;
				GCC_NO_COMMON_BLOCKS = YES;
				GCC_WARN_64_TO_32_BIT_CONVERSION = YES;
				GCC_WARN_ABOUT_RETURN_TYPE = YES_ERROR;
				GCC_WARN_UNDECLARED_SELECTOR = YES;
				GCC_WARN_UNINITIALIZED_AUTOS = YES_AGGRESSIVE;
				GCC_WARN_UNUSED_FUNCTION = YES;
				GCC_WARN_UNUSED_VARIABLE = YES;
				IPHONEOS_DEPLOYMENT_TARGET = 11.2;
				MTL_ENABLE_DEBUG_INFO = NO;
				SDKROOT = iphoneos;
				SWIFT_OPTIMIZATION_LEVEL = "-Owholemodule";
				VALIDATE_PRODUCT = YES;
			};
			name = Release;
		};
		40C170FB2022561F00CA4803 /* Debug */ = {
			isa = XCBuildConfiguration;
			baseConfigurationReference = E2CA9244DDC6D07FA9627E7B /* Pods-RxSwiftExample.debug.xcconfig */;
			buildSettings = {
				ASSETCATALOG_COMPILER_APPICON_NAME = AppIcon;
				CODE_SIGN_STYLE = Automatic;
				DEVELOPMENT_TEAM = 68SZERZ856;
				INFOPLIST_FILE = RxSwiftExample/Info.plist;
				LD_RUNPATH_SEARCH_PATHS = "$(inherited) @executable_path/Frameworks";
				PRODUCT_BUNDLE_IDENTIFIER = com.akb.RxSwiftExample;
				PRODUCT_NAME = "$(TARGET_NAME)";
				SWIFT_VERSION = 4.0;
				TARGETED_DEVICE_FAMILY = "1,2";
			};
			name = Debug;
		};
		40C170FC2022561F00CA4803 /* Release */ = {
			isa = XCBuildConfiguration;
			baseConfigurationReference = 35824F9440B7F27D2D481843 /* Pods-RxSwiftExample.release.xcconfig */;
			buildSettings = {
				ASSETCATALOG_COMPILER_APPICON_NAME = AppIcon;
				CODE_SIGN_STYLE = Automatic;
				DEVELOPMENT_TEAM = 68SZERZ856;
				INFOPLIST_FILE = RxSwiftExample/Info.plist;
				LD_RUNPATH_SEARCH_PATHS = "$(inherited) @executable_path/Frameworks";
				PRODUCT_BUNDLE_IDENTIFIER = com.akb.RxSwiftExample;
				PRODUCT_NAME = "$(TARGET_NAME)";
				SWIFT_VERSION = 4.0;
				TARGETED_DEVICE_FAMILY = "1,2";
			};
			name = Release;
		};
/* End XCBuildConfiguration section */

/* Begin XCConfigurationList section */
		40C170E32022561F00CA4803 /* Build configuration list for PBXProject "RxSwiftExample" */ = {
			isa = XCConfigurationList;
			buildConfigurations = (
				40C170F82022561F00CA4803 /* Debug */,
				40C170F92022561F00CA4803 /* Release */,
			);
			defaultConfigurationIsVisible = 0;
			defaultConfigurationName = Release;
		};
		40C170FA2022561F00CA4803 /* Build configuration list for PBXNativeTarget "RxSwiftExample" */ = {
			isa = XCConfigurationList;
			buildConfigurations = (
				40C170FB2022561F00CA4803 /* Debug */,
				40C170FC2022561F00CA4803 /* Release */,
			);
			defaultConfigurationIsVisible = 0;
			defaultConfigurationName = Release;
		};
/* End XCConfigurationList section */
	};
	rootObject = 40C170E02022561F00CA4803 /* Project object */;
}
